{
  "name": "Test",
  "lockfileVersion": 3,
  "requires": true,
  "packages": {
    "": {
      "dependencies": {
        "js-internals": "file:.."
      }
    },
    "..": {
      "name": "js-internals",
      "version": "1.0.0",
      "dependencies": {
        "boxen": "^8.0.1",
        "chalk": "^5.4.1",
        "figlet": "^1.8.0",
        "js-internals": "^1.0.1"
      }
    },
    "../package": {
      "name": "js-internals",
      "version": "1.0.0",
      "extraneous": true,
      "license": "ISC"
    },
    "node_modules/js-internals": {
      "resolved": "..",
      "link": true
    }
  }
}
