{
  "name": "js-internals",
  "version": "1.0.6",
  "lockfileVersion": 3,
  "requires": true,
  "packages": {
    "": {
      "name": "js-internals",
      "version": "1.0.6",
      "license": "ISC",
      "dependencies": {
        "js-internals": "^1.0.0"
      }
    },
    "node_modules/js-internals": {
      "version": "1.0.0",
      "resolved": "https://registry.npmjs.org/js-internals/-/js-internals-1.0.0.tgz",
      "integrity": "sha512-dgxTGx/8rVu6e2yX57xcp5ea9I3MxfULS6Xowxij6zj4Tve7uKGkHuF15UO/th6FVAHYHjgaQUM+QXrmZ9hovQ=="
    }
  },
  "publishConfig": {
    "access": "public"
  }
}
